
Microsoft Visual Studio Solution File, Format Version 12.00
# Visual Studio 15
VisualStudioVersion = 15.0.28307.1525
MinimumVisualStudioVersion = 10.0.40219.1
Project("{FAE04EC0-301F-11D3-BF4B-00C04F79EFBC}") = "Ezzy.Data", "Ezzy.Data\Ezzy.Data.csproj", "{7579EFE1-1A01-45CE-9273-7C8140E95149}"
EndProject
Project("{FAE04EC0-301F-11D3-BF4B-00C04F79EFBC}") = "Ezzy.DataManager", "Ezzy.DataManager\Ezzy.DataManager.csproj", "{84AAD80B-8938-4666-8F5E-3B70EEF66754}"
EndProject
Project("{2150E333-8FDC-42A3-9474-1A3956D46DE8}") = "Data", "Data", "{B8F88E14-AB11-4FDE-B13B-E77591FF6F76}"
EndProject
Project("{2150E333-8FDC-42A3-9474-1A3956D46DE8}") = "Tests", "Tests", "{A7AA06EA-8453-4368-A04C-C1E022DFBBE2}"
EndProject
Project("{FAE04EC0-301F-11D3-BF4B-00C04F79EFBC}") = "Ezzy.DataManager.Tests", "Ezzy.DataManager.Tests\Ezzy.DataManager.Tests.csproj", "{6717C140-8B7A-40EF-8310-030C811CA1D1}"
EndProject
Project("{FAE04EC0-301F-11D3-BF4B-00C04F79EFBC}") = "Ezzy.Core", "Ezzy.Core\Ezzy.Core.csproj", "{8DBCA4B5-60E1-4725-AABB-92FEB7C8FA16}"
EndProject
Project("{FAE04EC0-301F-11D3-BF4B-00C04F79EFBC}") = "Ezzy.Services", "Ezzy.Services\Ezzy.Services.csproj", "{639F8A7C-281E-4B7B-9EE0-3266F96DE118}"
EndProject
Project("{FAE04EC0-301F-11D3-BF4B-00C04F79EFBC}") = "Ezzy.Models", "Ezzy.Models\Ezzy.Models.csproj", "{CCE2EDAF-080F-4B87-A55B-10F42E284B6C}"
EndProject
Project("{2150E333-8FDC-42A3-9474-1A3956D46DE8}") = "Presentation", "Presentation", "{83876DE9-E7E6-45FD-8EB9-E5F56B4B9596}"
EndProject
Project("{FAE04EC0-301F-11D3-BF4B-00C04F79EFBC}") = "Ezzy.Core.Tests", "Ezzy.Core.Tests\Ezzy.Core.Tests.csproj", "{2AEB7BCB-928A-4603-8177-C427B3575B85}"
EndProject
Project("{FAE04EC0-301F-11D3-BF4B-00C04F79EFBC}") = "Ezzy.Services.Tests", "Ezzy.Services.Tests\Ezzy.Services.Tests.csproj", "{B0D57EF6-206B-4736-9009-3B190553791A}"
EndProject
Project("{FAE04EC0-301F-11D3-BF4B-00C04F79EFBC}") = "Ezzy.Web.Mvc", "Ezzy.Web.Mvc\Ezzy.Web.Mvc.csproj", "{9552EC94-18E7-4E76-9C41-386746C89495}"
EndProject
Project("{FAE04EC0-301F-11D3-BF4B-00C04F79EFBC}") = "Ezzy.Web.Mvc.Tests", "Ezzy.Web.Mvc.Tests\Ezzy.Web.Mvc.Tests.csproj", "{13A829C0-B107-4396-9CE8-38F88CEB5804}"
EndProject
Global
	GlobalSection(SolutionConfigurationPlatforms) = preSolution
		Debug|Any CPU = Debug|Any CPU
		Release|Any CPU = Release|Any CPU
	EndGlobalSection
	GlobalSection(ProjectConfigurationPlatforms) = postSolution
		{7579EFE1-1A01-45CE-9273-7C8140E95149}.Debug|Any CPU.ActiveCfg = Debug|Any CPU
		{7579EFE1-1A01-45CE-9273-7C8140E95149}.Debug|Any CPU.Build.0 = Debug|Any CPU
		{7579EFE1-1A01-45CE-9273-7C8140E95149}.Release|Any CPU.ActiveCfg = Release|Any CPU
		{7579EFE1-1A01-45CE-9273-7C8140E95149}.Release|Any CPU.Build.0 = Release|Any CPU
		{84AAD80B-8938-4666-8F5E-3B70EEF66754}.Debug|Any CPU.ActiveCfg = Debug|Any CPU
		{84AAD80B-8938-4666-8F5E-3B70EEF66754}.Debug|Any CPU.Build.0 = Debug|Any CPU
		{84AAD80B-8938-4666-8F5E-3B70EEF66754}.Release|Any CPU.ActiveCfg = Release|Any CPU
		{84AAD80B-8938-4666-8F5E-3B70EEF66754}.Release|Any CPU.Build.0 = Release|Any CPU
		{6717C140-8B7A-40EF-8310-030C811CA1D1}.Debug|Any CPU.ActiveCfg = Debug|Any CPU
		{6717C140-8B7A-40EF-8310-030C811CA1D1}.Debug|Any CPU.Build.0 = Debug|Any CPU
		{6717C140-8B7A-40EF-8310-030C811CA1D1}.Release|Any CPU.ActiveCfg = Release|Any CPU
		{6717C140-8B7A-40EF-8310-030C811CA1D1}.Release|Any CPU.Build.0 = Release|Any CPU
		{8DBCA4B5-60E1-4725-AABB-92FEB7C8FA16}.Debug|Any CPU.ActiveCfg = Debug|Any CPU
		{8DBCA4B5-60E1-4725-AABB-92FEB7C8FA16}.Debug|Any CPU.Build.0 = Debug|Any CPU
		{8DBCA4B5-60E1-4725-AABB-92FEB7C8FA16}.Release|Any CPU.ActiveCfg = Release|Any CPU
		{8DBCA4B5-60E1-4725-AABB-92FEB7C8FA16}.Release|Any CPU.Build.0 = Release|Any CPU
		{639F8A7C-281E-4B7B-9EE0-3266F96DE118}.Debug|Any CPU.ActiveCfg = Debug|Any CPU
		{639F8A7C-281E-4B7B-9EE0-3266F96DE118}.Debug|Any CPU.Build.0 = Debug|Any CPU
		{639F8A7C-281E-4B7B-9EE0-3266F96DE118}.Release|Any CPU.ActiveCfg = Release|Any CPU
		{639F8A7C-281E-4B7B-9EE0-3266F96DE118}.Release|Any CPU.Build.0 = Release|Any CPU
		{CCE2EDAF-080F-4B87-A55B-10F42E284B6C}.Debug|Any CPU.ActiveCfg = Debug|Any CPU
		{CCE2EDAF-080F-4B87-A55B-10F42E284B6C}.Debug|Any CPU.Build.0 = Debug|Any CPU
		{CCE2EDAF-080F-4B87-A55B-10F42E284B6C}.Release|Any CPU.ActiveCfg = Release|Any CPU
		{CCE2EDAF-080F-4B87-A55B-10F42E284B6C}.Release|Any CPU.Build.0 = Release|Any CPU
		{2AEB7BCB-928A-4603-8177-C427B3575B85}.Debug|Any CPU.ActiveCfg = Debug|Any CPU
		{2AEB7BCB-928A-4603-8177-C427B3575B85}.Debug|Any CPU.Build.0 = Debug|Any CPU
		{2AEB7BCB-928A-4603-8177-C427B3575B85}.Release|Any CPU.ActiveCfg = Release|Any CPU
		{2AEB7BCB-928A-4603-8177-C427B3575B85}.Release|Any CPU.Build.0 = Release|Any CPU
		{B0D57EF6-206B-4736-9009-3B190553791A}.Debug|Any CPU.ActiveCfg = Debug|Any CPU
		{B0D57EF6-206B-4736-9009-3B190553791A}.Debug|Any CPU.Build.0 = Debug|Any CPU
		{B0D57EF6-206B-4736-9009-3B190553791A}.Release|Any CPU.ActiveCfg = Release|Any CPU
		{B0D57EF6-206B-4736-9009-3B190553791A}.Release|Any CPU.Build.0 = Release|Any CPU
		{9552EC94-18E7-4E76-9C41-386746C89495}.Debug|Any CPU.ActiveCfg = Debug|Any CPU
		{9552EC94-18E7-4E76-9C41-386746C89495}.Debug|Any CPU.Build.0 = Debug|Any CPU
		{9552EC94-18E7-4E76-9C41-386746C89495}.Release|Any CPU.ActiveCfg = Release|Any CPU
		{9552EC94-18E7-4E76-9C41-386746C89495}.Release|Any CPU.Build.0 = Release|Any CPU
		{13A829C0-B107-4396-9CE8-38F88CEB5804}.Debug|Any CPU.ActiveCfg = Debug|Any CPU
		{13A829C0-B107-4396-9CE8-38F88CEB5804}.Debug|Any CPU.Build.0 = Debug|Any CPU
		{13A829C0-B107-4396-9CE8-38F88CEB5804}.Release|Any CPU.ActiveCfg = Release|Any CPU
		{13A829C0-B107-4396-9CE8-38F88CEB5804}.Release|Any CPU.Build.0 = Release|Any CPU
	EndGlobalSection
	GlobalSection(SolutionProperties) = preSolution
		HideSolutionNode = FALSE
	EndGlobalSection
	GlobalSection(NestedProjects) = preSolution
		{7579EFE1-1A01-45CE-9273-7C8140E95149} = {B8F88E14-AB11-4FDE-B13B-E77591FF6F76}
		{84AAD80B-8938-4666-8F5E-3B70EEF66754} = {B8F88E14-AB11-4FDE-B13B-E77591FF6F76}
		{6717C140-8B7A-40EF-8310-030C811CA1D1} = {A7AA06EA-8453-4368-A04C-C1E022DFBBE2}
		{2AEB7BCB-928A-4603-8177-C427B3575B85} = {A7AA06EA-8453-4368-A04C-C1E022DFBBE2}
		{B0D57EF6-206B-4736-9009-3B190553791A} = {A7AA06EA-8453-4368-A04C-C1E022DFBBE2}
		{9552EC94-18E7-4E76-9C41-386746C89495} = {83876DE9-E7E6-45FD-8EB9-E5F56B4B9596}
		{13A829C0-B107-4396-9CE8-38F88CEB5804} = {A7AA06EA-8453-4368-A04C-C1E022DFBBE2}
	EndGlobalSection
	GlobalSection(ExtensibilityGlobals) = postSolution
		SolutionGuid = {16908629-B286-44B3-B080-6FF0FA38D626}
	EndGlobalSection
EndGlobal
